github.com/JohnCGriffin/overflow v0.0.0-20211019200055-46fa312c352c h1:RGWPOewvKIROun94nF7v2cua9qP+thov/7M50KEoeSU=
github.com/JohnCGriffin/overflow v0.0.0-20211019200055-46fa312c352c/go.mod h1:X0CRv0ky0k6m906ixxpzmDRLvX58TFUKS2eePweuyxk=
github.com/Masterminds/semver/v3 v3.5.0 h1:kQceYJfbupGfZOKZQg0kou0DgAKhzDg2NZPAwZ/2OOE=
github.com/Masterminds/semver/v3 v3.5.0/go.mod h1:4V+yj/TJE1HU9XfppCwVMZq3I84lprf4nC11bSS5beM=
github.com/andybalholm/brotli v1.2.6 h1:ftYnfj6usCp+UGV5kSJ3+chpMQgU+gJf/AxsUQ52REI=
github.com/andybalholm/brotli v1.2.6/go.mod h1:rzTDkvFWvIrjDXZHkuS16NPggd91W3kUSvPlQ1pLaKY=
github.com/antlr4-go/antlr/v4 v4.13.1 h1:SqQKkuVZ+zWkMMNkjy5FZe5mr5WURWnlpmOuzYWrPrQ=
github.com/antlr4-go/antlr/v4 v4.13.1/go.mod h1:GKmUxMtwp6ZgGwZSva4eWPC5mS6vUAmOABFgjdkM7Nw=
github.com/apache/arrow/go/v17 v17.0.0 h1:RRR2bdqKcdbss9Gxy2NS/hK8i4LDMh23L6BbkN5+F54=
github.com/apache/arrow/go/v17 v17.0.0/go.mod h1:jR7QHkODl15PfYyjM2nU+yTLScZ/qfj7OSUZmJ8putc=
github.com/apache/thrift v0.25.0 h1:6LLlvoPjy8Cc/0b5TYRcTR3RZa2W0at3WQRcOkDwVGs=
github.com/apache/thrift v0.25.0/go.mod h1:4lwyToijD9T70w7GlevFk7FnpY60Wv8I8krMkF6FkAo=
github.com/aws/aws-cdk-go/awscdk/v2 v2.273.0 h1:V+SfYee2OH80/5Cc+9ZPMV4OtxRQ658kLcQ//Iyrlp8=
github.com/aws/aws-cdk-go/awscdk/v2 v2.273.0/go.mod h1:xYqlzijeRoPjH6sQw7NTNvzyoB8BhLqRHlDLUSc71vs=
github.com/aws/aws-cdk-go/awscdklambdagoalpha/v2 v2.273.0-alpha.0 h1:LIHjkK4InnPLU32hdxkEvIk9w/9jyzPXD4+yGVdT014=
github.com/aws/aws-cdk-go/awscdklambdagoalpha/v2 v2.273.0-alpha.0/go.mod h1:e0r+t2zEMHSHxus/4qPnBISopMXv3kxtS/nyoXsb0Q8=
github.com/aws/aws-lambda-go v1.55.1 h1:We2cCp4BwqqH/JW+bEEo1FhgG71rslvjfi4y7KmlrR0=
github.com/aws/aws-lambda-go v1.55.1/go.mod h1:V+NzkHNR6vBC8C1PDloqSLE+7jYWFiPvJJFiCiTm8nE=
github.com/aws/aws-sdk-go-v2 v1.47.3 h1:HRoT/MkNi3bjO5xF4dCzLzvVmkvRGHj3/cLINDnJejk=
github.com/aws/aws-sdk-go-v2 v1.47.3/go.mod h1:xSl+OSI5ZUw6bSMupWc218zE5Pl+65MCCu3ySWFY99A=
github.com/aws/aws-sdk-go-v2/aws/protocol/eventstream v1.7.22 h1:oiEmPz/YMMeh/JvAE8xSxNCIsvWE6lpFe4ZPlyFykQI=
github.com/aws/aws-sdk-go-v2/aws/protocol/eventstream v1.7.22/go.mod h1:QWUDuRi9PFjBHIU2iH1Pkldbe7zqLfXJC4wWLbF8nuQ=
github.com/aws/aws-sdk-go-v2/config v1.33.9 h1:Hv6bcQUJVnmuWaKjqD6Ot8sE75NrWsWV20oGT5aWle0=
github.com/aws/aws-sdk-go-v2/config v1.33.9/go.mod h1:ivowmrZNfBQLcg4QkaItgi5wae4Bzot9RzIdbY1hfTg=
github.com/aws/aws-sdk-go-v2/credentials v1.20.9 h1:SNO55PnWhaDafsOcv16lCA0kdoFMl/YlegWoVsU02s0=
github.com/aws/aws-sdk-go-v2/credentials v1.20.9/go.mod h1:+2reOTRtdD3VSBqpRDNwrZIYy8yMCYa7oK3WKTJ/I1I=
github.com/aws/aws-sdk-go-v2/feature/ec2/imds v1.20.3 h1:gr3b87OLB29jymWPzp/CAyXwQRJVE+sC4Wm0qBIKHsk=
github.com/aws/aws-sdk-go-v2/feature/ec2/imds v1.20.3/go.mod h1:BRjf4L/Yx2hY54o+ZibPbLJyMMeSwqYQXwcJfqW66a8=
github.com/aws/aws-sdk-go-v2/feature/s3/manager v1.23.14 h1:nX4dV32e7e2GSg60GojffG61w4tvYxVpvEGWfSlcImo=
github.com/aws/aws-sdk-go-v2/feature/s3/manager v1.23.14/go.mod h1:dNw78YbA0ylhEVJ1h84fPdtIiWkVTaszT7oHkE/cq5E=
github.com/aws/aws-sdk-go-v2/feature/s3/transfermanager v0.4.16 h1:q9YuNkYR/7lxflWCcEv3C0cecUt3Zvrh2hn9ZNxieNA=
github.com/aws/aws-sdk-go-v2/feature/s3/transfermanager v0.4.16/go.mod h1:3BSeJQF55QQI+dDFHx4WTIjTvX/Lvtk8Jaaf/SGAnBM=
github.com/aws/aws-sdk-go-v2/internal/configsources v1.5.6 h1:CqL8NN3p4I0JTwwV5MEoatIl4Y2amZ2X9dRD+0hbRL0=
github.com/aws/aws-sdk-go-v2/internal/configsources v1.5.6/go.mod h1:exdJ32hMqXl0Wyo6NwqEC5yIhtua3+PDaKE8P29m4qE=
github.com/aws/aws-sdk-go-v2/internal/endpoints/v2 v2.8.6 h1:FpBq24TG6WVSObTNhQOv7Q0088rounUUlwn3zlNItkM=
github.com/aws/aws-sdk-go-v2/internal/endpoints/v2 v2.8.6/go.mod h1:ONzdPVYC95oBOu0VWNEsKEntcoemP3xVKjT+qWml1s4=
github.com/aws/aws-sdk-go-v2/internal/v4a v1.5.6 h1:Qmn60RWuk9+bd2ddvJJqwf3Cpac3VvGMOdbGemtUhX4=
github.com/aws/aws-sdk-go-v2/internal/v4a v1.5.6/go.mod h1:h/YJhe4AVyQxEUMluph10iqV7mjajH7A9L+BHF5ppis=
github.com/aws/aws-sdk-go-v2/service/autoscaling v1.78.4 h1:QuFjj943UR0VZBq0PVOe9RYW74ophoqvyZiSU2PVgrY=
github.com/aws/aws-sdk-go-v2/service/autoscaling v1.78.4/go.mod h1:ZG9cu6+BMS8oRp8cy9ks2cTAuVNv2swAdFXnjNjwEYc=
github.com/aws/aws-sdk-go-v2/service/ecs v1.100.3 h1:GjuFwluSUe4XNiZjFpKvQI3te7PAsrrv9V7zPHMWGPk=
github.com/aws/aws-sdk-go-v2/service/ecs v1.100.3/go.mod h1:6SgP8Uxeur6i0CsNeRBZQspNH5R8atwoG1+To27rkmQ=
github.com/aws/aws-sdk-go-v2/service/internal/accept-encoding v1.13.21 h1:e6YW5uME30TkrElR+4/xcY7NB6CCj2dcv7vtmGXhfhQ=
github.com/aws/aws-sdk-go-v2/service/internal/accept-encoding v1.13.21/go.mod h1:obpHAMP693+f3/A8PkLhIqfK1C+NWWn8zXzqD3OH520=
github.com/aws/aws-sdk-go-v2/service/internal/checksum v1.11.7 h1:CwvFlKw0uUScfgOMflXSRZa+ayXgOf6wk7lhyMemQYU=
github.com/aws/aws-sdk-go-v2/service/internal/checksum v1.11.7/go.mod h1:4SbD8BB+p+QEnG0aX6DoWwrtk9SufyYXRsUv0nve8LE=
github.com/aws/aws-sdk-go-v2/service/internal/presigned-url v1.14.6 h1:LHHdobjo5le1sjJdolitV7uVvYg3wkaeM1Ju2fDgeZQ=
github.com/aws/aws-sdk-go-v2/service/internal/presigned-url v1.14.6/go.mod h1:CBGB0evAiaMD3Lk4wPO7LQCcCZLuhzL5Qf/wfEUHQ5w=
github.com/aws/aws-sdk-go-v2/service/internal/s3shared v1.20.6 h1:mYViDr2azcgxOpRrObZOl631bvavqILoE/L+Kxgbwys=
github.com/aws/aws-sdk-go-v2/service/internal/s3shared v1.20.6/go.mod h1:OXVdAo9jNhggB+hJRGOyy7WolGTKB6Rg7IIulDeSzPM=
github.com/aws/aws-sdk-go-v2/service/s3 v1.114.3 h1:NyeuyXkZL476uoAowNActm4XJO1QPKf7aassgXHpiqA=
github.com/aws/aws-sdk-go-v2/service/s3 v1.114.3/go.mod h1:GfoBeKMDJecgRUsGf/0RGdx0NJAh81ObTd922h8pQys=
github.com/aws/aws-sdk-go-v2/service/secretsmanager v1.50.4 h1:+qOKY5eW7mwAEUWoIEtNR2qj351eOWMo+nglB+AhCQU=
github.com/aws/aws-sdk-go-v2/service/secretsmanager v1.50.4/go.mod h1:1C6Uc76IPws0N2nYeWJKxNoabSXbTdkDpAUnqAz4VCI=
github.com/aws/aws-sdk-go-v2/service/sfn v1.51.4 h1:N09gQ/HVWAPmBhoFtqfAKgI1SDLBJmBnSYD9y5c33R0=
github.com/aws/aws-sdk-go-v2/service/sfn v1.51.4/go.mod h1:8qrqjPA1uw7ePtY5I7qbS5hJD1QFDpT2+Vu0/lvBIoo=
github.com/aws/aws-sdk-go-v2/service/signin v1.10.4 h1:tvpDjuUvgKURf3Yk4hOaGbZ4QdY+070OWcA5d6LUv2A=
github.com/aws/aws-sdk-go-v2/service/signin v1.10.4/go.mod h1:3ibVKg5Ng82Zby8++jELTD2nHxiPk2DJRLEeW/LKp8M=
github.com/aws/aws-sdk-go-v2/service/sso v1.38.4 h1:ChCtagixSFOxltv0o6E3NT8F7ksvZtZGPwUBynO5Nmk=
github.com/aws/aws-sdk-go-v2/service/sso v1.38.4/go.mod h1:+FEO9jrVMpc9oN3CdAxJbtlQEu3z8UddDPSedpeM3PY=
github.com/aws/aws-sdk-go-v2/service/ssooidc v1.43.4 h1:j6c+HA4AoS0EBEjArPjavFEBrucJEryfrQU0TffmACk=
github.com/aws/aws-sdk-go-v2/service/ssooidc v1.43.4/go.mod h1:RhghaXUk9q66VtOQUX1FdPddQuHnqQZzbB0fEYXmPRA=
github.com/aws/aws-sdk-go-v2/service/sts v1.51.4 h1:OKEfbf2tcfsF2pBk/S9QqNpo6alaAtiBs4hysCsBjPw=
github.com/aws/aws-sdk-go-v2/service/sts v1.51.4/go.mod h1:mCd6qGo9b8hTtfjgsmNkFlzwjyce4owd7HDVFnCLXhM=
github.com/aws/constructs-go/constructs/v10 v10.8.1 h1:3v8GKrQxzvAO3FZqtk9W81NANq3aINvVf/+xFkdNQgc=
github.com/aws/constructs-go/constructs/v10 v10.8.1/go.mod h1:UK5AwSnhkq3F8CUVRn7bgsm5ntL/kwokzaze8dHBGBI=
github.com/aws/jsii-runtime-go v1.141.0 h1:tZ7x02d20+euFuuneKOiQgpWZ4jIOo8WGNRuTGzzhjQ=
github.com/aws/jsii-runtime-go v1.141.0/go.mod h1:s02CviWspIjiXZtsVFJo9bMC8q6eKj7dZPshsLVvxNQ=
github.com/aws/smithy-go v1.28.5 h1:OqbqKtzY9NUnr2yAe9+hiTdFb20tNaK/lI0PMOGXX9k=
github.com/aws/smithy-go v1.28.5/go.mod h1:YE2RhdIuDbA5E5bTdciG9KrW3+TiEONeUWCqxX9i1Fc=
github.com/badoux/checkmail v1.2.4 h1:4zMjdYDjE2Q7xF06VNfyN8P9JGU7epLjNb+Yu5OThVI=
github.com/badoux/checkmail v1.2.4/go.mod h1:XroCOBU5zzZJcLvgwU15I+2xXyCdTWXyR9MGfRhBYy0=
github.com/cdklabs/awscdk-asset-awscli-go/awscliv1/v2 v2.2.295 h1:43h0TgSLbv3EvN0nrW6nbIS4yE3vzdfS5U1tDQ5YWRg=
github.com/cdklabs/awscdk-asset-awscli-go/awscliv1/v2 v2.2.295/go.mod h1:mxwZLT0WVpRV91giJV21ahNTKWQCQHXRfjsQuYkBp+o=
github.com/cdklabs/awscdk-asset-node-proxy-agent-go/nodeproxyagentv6/v2 v2.1.3 h1:ufn51b4j3xx0d17VOVvWTRATdBd1T9GcCUWSlDit94U=
github.com/cdklabs/awscdk-asset-node-proxy-agent-go/nodeproxyagentv6/v2 v2.1.3/go.mod h1:JL7Rnt+uf8lWFECFSNlTrQBOikkumS+eBH05pHMUE38=
github.com/cdklabs/cloud-assembly-schema-go/awscdkcloudassemblyschema/v54 v54.26.0 h1:9+UtI5sV3KAhM2Mr7k50TDA6c/5OgRFQhKPHd/EwYck=
github.com/cdklabs/cloud-assembly-schema-go/awscdkcloudassemblyschema/v54 v54.26.0/go.mod h1:FUhaup2xQTq5q3SWz5MDJVGgj2do+2pjiGw4VcO32Ao=
github.com/davecgh/go-spew v1.1.0/go.mod h1:J7Y8YcW2NihsgmVo/mv3lAwl/skON4iLHjSsI+c5H38=
github.com/dlclark/regexp2 v1.11.0 h1:G/nrcoOa7ZXlpoa/91N3X7mM3r8eIlMBBJZvsz/mxKI=
github.com/dlclark/regexp2 v1.11.0/go.mod h1:DHkYz0B9wPfa6wondMfaivmHpzrQ3v9q8cnmRbL6yW8=
github.com/dolthub/maphash v0.1.0 h1:bsQ7JsF4FkkWyrP3oCnFJgrCUAFbFf3kOl4L/QxPDyQ=
github.com/dolthub/maphash v0.1.0/go.mod h1:gkg4Ch4CdCDu5h6PMriVLawB7koZ+5ijb9puGMV50a4=
github.com/dolthub/swiss v0.2.1 h1:gs2osYs5SJkAaH5/ggVJqXQxRXtWshF6uE0lgR/Y3Gw=
github.com/dolthub/swiss v0.2.1/go.mod h1:8AhKZZ1HK7g18j7v7k6c5cYIGEZJcPn0ARsai8cUrh0=
github.com/dustin/go-humanize v1.1.0 h1:dbKTrvD0klcbBV/h4AWJdMuZogJACoMlvWIWZ5b2xWg=
github.com/dustin/go-humanize v1.1.0/go.mod h1:hc1CvRkJMsgxqjmjMQF3QNRAZBwY8AXBAzKYoSX9sFI=
github.com/fatih/color v1.19.0 h1:Zp3PiM21/9Ld6FzSKyL5c/BULoe/ONr9KlbYVOfG8+w=
github.com/fatih/color v1.19.0/go.mod h1:zNk67I0ZUT1bEGsSGyCZYZNrHuTkJJB+r6Q9VuMi0LE=
github.com/goccy/go-json v0.11.2 h1:jdZv93Tt4ioR8yW1CoNsvSxrcZlCXAUU1aZXN7gpXUA=
github.com/goccy/go-json v0.11.2/go.mod h1:3NdmfEkZlB7YI5UFw/qdFKq8XN1aiWR0YyRPWZNQltY=
github.com/golang-jwt/jwt/v5 v5.3.1 h1:kYf81DTWFe7t+1VvL7eS+jKFVWaUnK9cB1qbwn63YCY=
github.com/golang-jwt/jwt/v5 v5.3.1/go.mod h1:fxCRLWMO43lRc8nhHWY6LGqRcf+1gQWArsqaEUEa5bE=
github.com/golang/protobuf v1.5.4 h1:i7eJL8qZTpSEXOPTxNKhASYpMn+8e5Q6AdndVa1dWek=
github.com/golang/protobuf v1.5.4/go.mod h1:lnTiLA8Wa4RWRcIUkrtSVa5nRhsEGBg48fD6rSs7xps=
github.com/golang/snappy v1.0.0 h1:Oy607GVXHs7RtbggtPBnr2RmDArIsAefDwvrdWvRhGs=
github.com/golang/snappy v1.0.0/go.mod h1:/XxbfmMg8lxefKM7IXC3fBNl/7bRcc72aCRzEWrmP2Q=
github.com/google/flatbuffers v25.12.19+incompatible h1:haMV2JRRJCe1998HeW/p0X9UaMTK6SDo0ffLn2+DbLs=
github.com/google/flatbuffers v25.12.19+incompatible/go.mod h1:1AeVuKshWv4vARoZatz6mlQ0JxURH0Kv5+zNeJKJCa8=
github.com/google/go-cmp v0.7.0 h1:wk8382ETsv4JYUZwIsn6YpYiWiBsYLSJiTsyBybVuN8=
github.com/google/go-cmp v0.7.0/go.mod h1:pXiqmnSA92OHEEa9HXL2W4E7lf9JzCmGVUdgjX3N/iU=
github.com/google/jsonschema-go v0.4.3 h1:/DBOLZTfDow7pe2GmaJNhltueGTtDKICi8V8p+DQPd0=
github.com/google/jsonschema-go v0.4.3/go.mod h1:r5quNTdLOYEz95Ru18zA0ydNbBuYoo9tgaYcxEYhJVE=
github.com/google/pprof v0.0.0-20260802141513-ef3492d7dac3 h1:LMLX+LgTNWpfvCBdFebv6EsYotImrt/Ppc5cXIriCSo=
github.com/google/pprof v0.0.0-20260802141513-ef3492d7dac3/go.mod h1:jl5iWTm0/hd5PjEYEOuwAJ57L/CibdZfrqZ5XA5GrCk=
github.com/google/uuid v1.6.0 h1:NIvaJDMOsjHA8n1jAhLSgzrAzy1Hgr+hNrb57e+94F0=
github.com/google/uuid v1.6.0/go.mod h1:TIyPZe4MgqvfeYDBFedMoGGpEw/LqOeaOT+nhxU+yHo=
github.com/gorilla/mux v1.8.1 h1:TuBL49tXwgrFYWhqrNgrUNEY92u81SPhu7sTdzQEiWY=
github.com/gorilla/mux v1.8.1/go.mod h1:AKf9I4AEqPTmMytcMc0KkNouC66V3BtZ4qD5fmWSiMQ=
github.com/hashicorp/golang-lru/v2 v2.0.7 h1:a+bsQ5rvGLjzHuww6tVxozPZFVghXaHOwFs4luLUK2k=
github.com/hashicorp/golang-lru/v2 v2.0.7/go.mod h1:QeFd9opnmA6QUJc5vARoKUSoFhyfM2/ZepoAG6RGpeM=
github.com/jackc/pgpassfile v1.0.0 h1:/6Hmqy13Ss2zCq62VdNG8tM1wchn8zjSGOBJ6icpsIM=
github.com/jackc/pgpassfile v1.0.0/go.mod h1:CEx0iS5ambNFdcRtxPj5JhEz+xB6uRky5eyVu/W2HEg=
github.com/jackc/pgservicefile v0.0.0-20240606120523-5a60cdf6a761 h1:iCEnooe7UlwOQYpKFhBabPMi4aNAfoODPEFNiAnClxo=
github.com/jackc/pgservicefile v0.0.0-20240606120523-5a60cdf6a761/go.mod h1:5TJZWKEWniPve33vlWYSoGYefn3gLQRzjfDlhSJ9ZKM=
github.com/jackc/pgx/v5 v5.11.0 h1:IzBBtyK9AHqf98cctWFifYSci2hgQR/cd56wB4p+ogg=
github.com/jackc/pgx/v5 v5.11.0/go.mod h1:mal1tBGAFfLHvZzaYh77YS/eC6IX9OWbRV1QIIM0Jn4=
github.com/jackc/puddle/v2 v2.2.3 h1:f8HoREISb3l5eO9coPgK7U3hKLhWGokOFVcThl5jrao=
github.com/jackc/puddle/v2 v2.2.3/go.mod h1:vriiEXHvEE654aYKXXjOvZM39qJ0q+azkZFrfEOc3H4=
github.com/kinbiko/jsonassert v1.0.1 h1:8gdLmUaPWuxk2TzQSofKRqatFH6zwTF6AsUH4bugJYY=
github.com/kinbiko/jsonassert v1.0.1/go.mod h1:QRwBwiAsrcJpjw+L+Q4WS8psLxuUY+HylVZS/4j74TM=
github.com/klauspost/asmfmt v1.3.2 h1:4Ri7ox3EwapiOjCki+hw14RyKk201CN4rzyCJRFLpK4=
github.com/klauspost/asmfmt v1.3.2/go.mod h1:AG8TuvYojzulgDAMCnYn50l/5QV3Bs/tp6j0HLHbNSE=
github.com/klauspost/compress v1.20.1 h1:T7kKElXUMXrUJ2E9QhQhxFtcK5rPyLdsGZvdbLMPdiQ=
github.com/klauspost/compress v1.20.1/go.mod h1:LUdAzn7YLVvxLpc7y3V1m40wESHTgc1422pwwBSKYuI=
github.com/klauspost/cpuid/v2 v2.4.0 h1:S6Hrbc7+ywsr0r+RLapfGBHfyefhCTwEh3A0tV913Dw=
github.com/klauspost/cpuid/v2 v2.4.0/go.mod h1:19jmZ9mjzoF//ddRSUsv0zfBTJWh3QJh9FNxZTMrGxU=
github.com/mattn/go-colorable v0.1.16 h1:+2YjeAe7xP1OQbZW1jERPWWCDLlNqFNCvjiqGiAt84A=
github.com/mattn/go-colorable v0.1.16/go.mod h1:6LmQG8QLFO4G5z1gPvYEzlUgJ2wF+stgPZH1UqBm1s8=
github.com/mattn/go-isatty v0.0.24 h1:tGZZoVgT/KiqK1c8ocVLeDS8BSWMRd47J3Lbz7vsReI=
github.com/mattn/go-isatty v0.0.24/go.mod h1:nMCL3Zebbrt45jsMDgnfIwz6ydEQApk5oEI3HqDio6A=
github.com/mattn/go-sqlite3 v1.14.52 h1:wVbm2Qnf4OXkqhBTSPuCRZDRnxfbVrrmiCEroVdog8U=
github.com/mattn/go-sqlite3 v1.14.52/go.mod h1:6JTjA44L93a0QCyJef5YvlPoKXntQPjzWv5gtm9sB6w=
github.com/minio/asm2plan9s v0.0.0-20200509001527-cdd76441f9d8 h1:AMFGa4R4MiIpspGNG7Z948v4n35fFGB3RR3G/ry4FWs=
github.com/minio/asm2plan9s v0.0.0-20200509001527-cdd76441f9d8/go.mod h1:mC1jAcsrzbxHt8iiaC+zU4b1ylILSosueou12R++wfY=
github.com/minio/c2goasm v0.0.0-20190812172519-36a3d3bbc4f3 h1:+n/aFZefKZp7spd8DFdX7uMikMLXX4oubIzJF4kv/wI=
github.com/minio/c2goasm v0.0.0-20190812172519-36a3d3bbc4f3/go.mod h1:RagcQ7I8IeTMnF8JTXieKnO4Z6JCsikNEzj0DwauVzE=
github.com/modelcontextprotocol/go-sdk v1.8.0 h1:KIvahhYqwtbeniWVPs3TcXEA7b8jEtwfBpOTAI+Urx4=
github.com/modelcontextprotocol/go-sdk v1.8.0/go.mod h1:dL7u98E/zjJTGzEq+j30jQ8K2k1mb6LeAH4inEcSGts=
github.com/ncruces/go-strftime v1.1.0 h1:vtPmPWMkb539RGV9WpWT9EwJGvrOCKvMNI4obWL47Hk=
github.com/ncruces/go-strftime v1.1.0/go.mod h1:yVaq7iwCN09vHRrKBrrflXT0M9tTMG2KmZ9Fj7xeG/g=
github.com/pierrec/lz4/v4 v4.1.33 h1:GjG1TJ1V4IzKP8L96muuuDNpTwd7D+l2ccXrjAbe014=
github.com/pierrec/lz4/v4 v4.1.33/go.mod h1:7SE9MC2STkNtL4PIwGhjmyVwvILaGI9/COYQNBhKM/c=
github.com/pmezard/go-difflib v1.0.0/go.mod h1:iKH77koFhYxTK1pcRnkKkqfTogsbg7gZNVY4sRDYZ/4=
github.com/prozz/aws-embedded-metrics-golang v1.2.0 h1:b/LFb8J9LbgANow/9nYZE3M3bkb457/dj0zAB3hPyvo=
github.com/prozz/aws-embedded-metrics-golang v1.2.0/go.mod h1:MXOqF9cJCEHjj77LWq7NWK44/AOyaFzwmcAYqR3057M=
github.com/remyoudompheng/bigfft v0.0.0-20230129092748-24d4a6f8daec h1:W09IVJc94icq4NjY3clb7Lk8O1qJ8BdBEF8z0ibU0rE=
github.com/remyoudompheng/bigfft v0.0.0-20230129092748-24d4a6f8daec/go.mod h1:qqbHyh8v60DhA7CoWK5oRCqLrMHRGoxYCSS9EjAz6Eo=
github.com/saintfish/chardet v0.0.0-20230101081208-5e3ef4b5456d h1:hrujxIzL1woJ7AwssoOcM/tq5JjjG2yYOc8odClEiXA=
github.com/saintfish/chardet v0.0.0-20230101081208-5e3ef4b5456d/go.mod h1:uugorj2VCxiV1x+LzaIdVa9b4S4qGAcH6cbhh4qVxOU=
github.com/santhosh-tekuri/jsonschema/v6 v6.0.3 h1:1EYB5IzjZawrrnELUi78f9fPu57HuXjmddZPjrls/28=
github.com/santhosh-tekuri/jsonschema/v6 v6.0.3/go.mod h1:JXeL+ps8p7/KNMjDQk3TCwPpBy0wYklyWTfbkIzdIFU=
github.com/segmentio/asm v1.2.1 h1:DTNbBqs57ioxAD4PrArqftgypG4/qNpXoJx8TVXxPR0=
github.com/segmentio/asm v1.2.1/go.mod h1:BqMnlJP91P8d+4ibuonYZw9mfnzI9HfxselHZr5aAcs=
github.com/segmentio/encoding v0.5.4 h1:OW1VRern8Nw6ITAtwSZ7Idrl3MXCFwXHPgqESYfvNt0=
github.com/segmentio/encoding v0.5.4/go.mod h1:HS1ZKa3kSN32ZHVZ7ZLPLXWvOVIiZtyJnO1gPH1sKt0=
github.com/stretchr/objx v0.1.0/go.mod h1:HFkY916IF+rwdDfMAkV7OtwuqBVzrE8GR6GFx+wExME=
github.com/stretchr/objx v0.5.3 h1:jmXUvGomnU1o3W/V5h2VEradbpJDwGrzugQQvL0POH4=
github.com/stretchr/objx v0.5.3/go.mod h1:rDQraq+vQZU7Fde9LOZLr8Tax6zZvy4kuNKF+QYS+U0=
github.com/stretchr/testify v1.3.0/go.mod h1:M5WIy9Dh21IEIfnGCwXGc5bZfKNJtfHm1UVUgZn+9EI=
github.com/stretchr/testify v1.7.0/go.mod h1:6Fq8oRcR53rry900zMqJjRRixrwX3KX962/h/Wwjteg=
github.com/stretchr/testify v1.12.1 h1:EuwCh5fleGS7H32xRwO3wRGT7DxrDhLAT6FF8MpWDWE=
github.com/stretchr/testify v1.12.1/go.mod h1:MDEgiDPPsNp5cuIrHPPCyornHKgEVbtFUmoNlxoYthg=
github.com/thedatashed/xlsxreader v1.2.8 h1:8aGbkXIPEThQbA8KzUZqIa4v4oqFrJFKLQ36vWePI5U=
github.com/thedatashed/xlsxreader v1.2.8/go.mod h1:wZyb/2xF1+rkZ2ujhC72tuuOWBY574QvcXHFls+5AXc=
github.com/toon-format/toon-go v1.0.1 h1:DKeh/TlHh6EmYHPcQW3ovQKZXF1zrM0lSjG6cVOPido=
github.com/toon-format/toon-go v1.0.1/go.mod h1:j/BOnpF2ihnz4lELs99h9mwGJBx/zdleOUCnLLRPCsc=
github.com/xhit/go-str2duration/v2 v2.2.0 h1:SofrD1D+8IuhhkP+OiG1ij4Zq+FiiYSEY/sORBanDG0=
github.com/xhit/go-str2duration/v2 v2.2.0/go.mod h1:ohY8p+0f07DiV6Em5LKB0s2YpLtXVyJfNt1+BlmyAsU=
github.com/xyproto/randomstring v1.0.5 h1:YtlWPoRdgMu3NZtP45drfy1GKoojuR7hmRcnhZqKjWU=
github.com/xyproto/randomstring v1.0.5/go.mod h1:rgmS5DeNXLivK7YprL0pY+lTuhNQW3iGxZ18UQApw/E=
github.com/yosida95/uritemplate/v3 v3.0.2 h1:Ed3Oyj9yrmi9087+NczuL5BwkIc4wvTb5zIM+UJPGz4=
github.com/yosida95/uritemplate/v3 v3.0.2/go.mod h1:ILOh0sOhIJR3+L/8afwt/kE++YT040gmv5BQTMR2HP4=
github.com/yuin/goldmark v1.8.6 h1:d0VcaP1sx9GkFVkoW+KtggpGi2KZ965i14b0+bDQST4=
github.com/yuin/goldmark v1.8.6/go.mod h1:ip/1k0VRfGynBgxOz0yCqHrbZXhcjxyuS66Brc7iBKg=
github.com/zeebo/assert v1.3.0 h1:g7C04CbJuIDKNPFHmsk4hwZDO5O+kntRxzaUoNXj+IQ=
github.com/zeebo/assert v1.3.0/go.mod h1:Pq9JiuJQpG8JLJdtkwrJESF0Foym2/D9XMU5ciN/wJ0=
github.com/zeebo/xxh3 v1.1.0 h1:s7DLGDK45Dyfg7++yxI0khrfwq9661w9EN78eP/UZVs=
github.com/zeebo/xxh3 v1.1.0/go.mod h1:IisAie1LELR4xhVinxWS5+zf1lA4p0MW4T+w+W07F5s=
go.uber.org/goleak v1.3.0 h1:2K3zAYmnTNqV73imy9J1T3WC+gmCePx2hEGkimedGto=
go.uber.org/goleak v1.3.0/go.mod h1:CoHD4mav9JJNrW/WLlf7HGZPjdw8EucARQHekz1X6bE=
go.uber.org/multierr v1.11.0 h1:blXXJkSxSSfBVBlC76pxqeO+LN3aDfLQo+309xJstO0=
go.uber.org/multierr v1.11.0/go.mod h1:20+QtiLqy0Nd6FdQB9TLXag12DsQkrbs3htMFfDN80Y=
go.uber.org/zap v1.28.0 h1:IZzaP1Fv73/T/pBMLk4VutPl36uNC+OSUh3JLG3FIjo=
go.uber.org/zap v1.28.0/go.mod h1:rDLpOi171uODNm/mxFcuYWxDsqWSAVkFdX4XojSKg/Q=
go.yaml.in/yaml/v3 v3.0.5 h1:N6y/pJk8buWs9NY5ERU2HSMfm+IuD/OtfdAnq6kESPw=
go.yaml.in/yaml/v3 v3.0.5/go.mod h1:HVTZu1O7/Vkt2N+BFy8Zza+lnLsABggaTM2ZpNIGuKg=
golang.org/x/crypto v0.0.0-20190308221718-c2843e01d9a2/go.mod h1:djNgcEr1/C05ACkg1iLfiJU5Ep61QUkGW8qpdssI0+w=
golang.org/x/crypto v0.0.0-20191011191535-87dc89f01550/go.mod h1:yigFU9vqHzYiE8UmvKecakEJjdnWj3jj499lnFckfCI=
golang.org/x/crypto v0.58.0 h1:COkYLr4k7nDI4r6QtMML2AfzeIswWHAJthLS6K/M/54=
golang.org/x/crypto v0.58.0/go.mod h1:Xh+kl5A+M0gMiWDytH2Hhr5Z7WbNCpv/eB/EFgfSk+w=
golang.org/x/exp v0.0.0-20261009195045-ca0d7ba23607 h1:o259es6R0mYtmCeID0xv+dkp5kQSf6qp8zs0j4MdUaI=
golang.org/x/exp v0.0.0-20261009195045-ca0d7ba23607/go.mod h1:SRjTzy5WcYqRRqquLUvHeeovSwLO0CZ3xcltZNO4Fck=
golang.org/x/lint v0.0.0-20241112194109-818c5a804067 h1:adDmSQyFTCiv19j015EGKJBoaa7ElV0Q1Wovb/4G7NA=
golang.org/x/lint v0.0.0-20241112194109-818c5a804067/go.mod h1:3xt1FjdF8hUf6vQPIChWIBhFzV8gjjsPE/fR3IyQdNY=
golang.org/x/mod v0.1.1-0.20191105210325-c90efee705ee/go.mod h1:QqPTAvyqsEbceGzBzNggFXnrqF1CaUcvgkdR5Ot7KZg=
golang.org/x/mod v0.42.0 h1:ICeL3t2L30ljSPHHxDnR4fqVcBt/zR2zJAb9juavmQg=
golang.org/x/mod v0.42.0/go.mod h1:u5fzIrRInkL8MaO1cbRkUHT64v303YIT5KEqpNr7jRs=
golang.org/x/net v0.0.0-20190404232315-eb5bcb51f2a3/go.mod h1:t9HGtf8HONx5eT2rtn7q6eTqICYqUVnKs3thJo3Qplg=
golang.org/x/net v0.0.0-20190620200207-3b0461eec859/go.mod h1:z5CRVTTTmAJ677TzLLGU+0bjPO0LkuOLi4/5GtJWs/s=
golang.org/x/net v0.61.0 h1:RR+6j/BTBCrggOLugxa+66R8FvoN6MHlzDlZIbN9YFw=
golang.org/x/net v0.61.0/go.mod h1:WgDCOTH8iwtB66T4/GfI94AHo/hhdb7Hah9NDseQfiI=
golang.org/x/oauth2 v0.37.0 h1:JUlcxA8oAtauLfiH8FX2/FkAWHAdi0QtGCGc+hofE98=
golang.org/x/oauth2 v0.37.0/go.mod h1:IxwZNxUULJmpBFf9K/9NTMSIfZZuvuTy1gGxhigP/58=
golang.org/x/sync v0.0.0-20190423024810-112230192c58/go.mod h1:RxMgew5VJxzue5/jJTE5uejpjVlOe/izrB70Jof72aM=
golang.org/x/sync v0.24.0 h1:iqiDrGoDgyuvAKrhLQthUEzU/R378N78gXbBjxed7oA=
golang.org/x/sync v0.24.0/go.mod h1:sUUOizhqBxiL6pEWpqNLUiaJn1ShEbZ6BBqskPbjZm0=
golang.org/x/sys v0.0.0-20190215142949-d0b11bdaac8a/go.mod h1:STP8DvDyc/dI5b8T5hshtkjS+E42TnysNCUPdjciGhY=
golang.org/x/sys v0.0.0-20190412213103-97732733099d/go.mod h1:h1NjWce9XRLGQEsW7wpKNCjG9DtNlClVuFLEZdDNbEs=
golang.org/x/sys v0.49.0 h1:XbzkgYJHdqh/8m2Uu0W/dQv8nktxx4BFHp1M0gROTXA=
golang.org/x/sys v0.49.0/go.mod h1:hNLxWAXmnKAxqDtdwIYC4bM9oQPEecfsnNMuSxOs3og=
golang.org/x/telemetry v0.0.0-20261009151841-97e8ea77aa2a h1:wnveMBKHwx8/nIb8WYT5P9vtefdXOvIWxzycCkc5n6Q=
golang.org/x/telemetry v0.0.0-20261009151841-97e8ea77aa2a/go.mod h1:i+ivNqjDnTF3WTElsdk5g9V5DTSBYgdNo7xTU9SDwYA=
golang.org/x/text v0.3.0/go.mod h1:NqM8EUOU14njkJ3fqMW+pc6Ldnwhi/IjpwHt7yyuwOQ=
golang.org/x/text v0.43.0 h1:1QivrlhwAsnMOcqgOdl9my7s9OyZl8O5/UGUTJVXoWc=
golang.org/x/text v0.43.0/go.mod h1:hbSIYA/amXcRXTFSZqh8tWHEoqRvvbKPJ2uz/KU+a+s=
golang.org/x/time v0.16.0 h1:vMb6ptszcQMkcwiRTAuNNU50gom6++Q/6gY2hDM6VDE=
golang.org/x/time v0.16.0/go.mod h1:rVKOqvZeKvrDKTQiAHJ7wmwP0RzleSphoEA9RcdLA0s=
golang.org/x/tools v0.0.0-20200130002326-2f3ba24bd6e7/go.mod h1:TB2adYChydJhpapKDTa4BR/hXlZSLoq2Wpct/0txZ28=
golang.org/x/tools v0.51.0 h1:k4Xc/1Om9jwkBJBo4NVLMSARBoWtK10mx+W5BnXCeAI=
golang.org/x/tools v0.51.0/go.mod h1:9eEncMayCV6zRMGhR5eZEC2iBx98qWcF1HZ9Z7wJOoA=
golang.org/x/tools/cmd/godoc v0.1.0-deprecated h1:sEGTwp9aZNTHsdf/2BGaRqE4ZLndRVH17rbQ2OVun9Q=
golang.org/x/tools/cmd/godoc v0.1.0-deprecated/go.mod h1:J6VY4iFch6TIm456U3fnw1EJZaIqcYlhHu6GpHQ9HJk=
golang.org/x/tools/godoc v0.1.0-deprecated h1:o+aZ1BOj6Hsx/GBdJO/s815sqftjSnrZZwyYTHODvtk=
golang.org/x/tools/godoc v0.1.0-deprecated/go.mod h1:qM63CriJ961IHWmnWa9CjZnBndniPt4a3CK0PVB9bIg=
golang.org/x/xerrors v0.0.0-20191011141410-1b5146add898/go.mod h1:I/5z698sn9Ka8TeJc9MKroUUfqBBauWjQqLJ2OPfmY0=
golang.org/x/xerrors v0.0.0-20240903120638-7835f813f4da h1:noIWHXmPHxILtqtCOPIhSt0ABwskkZKjD3bXGnZGpNY=
golang.org/x/xerrors v0.0.0-20240903120638-7835f813f4da/go.mod h1:NDW/Ps6MPRej6fsCIbMTohpP40sJ/P/vI1MoTEGwX90=
gonum.org/v1/gonum v0.17.0 h1:VbpOemQlsSMrYmn7T2OUvQ4dqxQXU+ouZFQsZOx50z4=
gonum.org/v1/gonum v0.17.0/go.mod h1:El3tOrEuMpv2UdMrbNlKEh9vd86bmQ6vqIcDwxEOc1E=
google.golang.org/genproto/googleapis/rpc v0.0.0-20261005182115-fad411399dd8 h1:0SXBqli5dnuCKMjI/X3FM226zEaEa0GUcSCJtN1vL2o=
google.golang.org/genproto/googleapis/rpc v0.0.0-20261005182115-fad411399dd8/go.mod h1:OaIUM3+LpYcK2GXM4FTmhWoIq371Owdr+Cc7/BsYHHc=
google.golang.org/grpc v1.84.0 h1:soMyaPJ8pAak5PIQ0DGBUir0XRo2fRoMqhNWMLlLxO0=
google.golang.org/grpc v1.84.0/go.mod h1:ljCht0DrxQrXBDRTZp52Qxh3Ffk8CdYm2sj4O2QN2C0=
google.golang.org/protobuf v1.36.12 h1:pJOKDDOyeXErUroCihFAd5LQuwXBSpVnKGrj5o/fwxc=
google.golang.org/protobuf v1.36.12/go.mod h1:HTf+CrKn2C3g5S8VImy6tdcUvCska2kB7j23XfzDpco=
gopkg.in/check.v1 v0.0.0-20161208181325-20d25e280405/go.mod h1:Co6ibVJAznAaIkqp8huTwlJQCZ016jof/cbN4VW5Yz0=
gopkg.in/yaml.v3 v3.0.0-20200313102051-9f266ea9e77c/go.mod h1:K4uyk7z7BCEPqu6E+C64Yfv1cQ7kz7rIZviUmN+EgEM=
modernc.org/cc/v4 v4.29.7 h1:q+NXGJ0bK3b4TXFYQQVr9pYETGnmwFWkrUzJnMya/Tg=
modernc.org/cc/v4 v4.29.7/go.mod h1:OnovgIhbbMXMu1aISnJ0wvVD1KnW+cAUJkIrAWh+kVI=
modernc.org/ccgo/v4 v4.36.1 h1:ZNIUZAryN0UgnJwtyxrdEzcFc3yD4Cu4AzjfPXsLsIE=
modernc.org/ccgo/v4 v4.36.1/go.mod h1:rrtGc2QkS239nYb/mQNuBMyjq3/y3ZXWbBjPoV3wqzA=
modernc.org/fileutil v1.4.0 h1:j6ZzNTftVS054gi281TyLjHPp6CPHr2KCxEXjEbD6SM=
modernc.org/fileutil v1.4.0/go.mod h1:EqdKFDxiByqxLk8ozOxObDSfcVOv/54xDs/DUHdvCUU=
modernc.org/gc/v2 v2.6.5 h1:nyqdV8q46KvTpZlsw66kWqwXRHdjIlJOhG6kxiV/9xI=
modernc.org/gc/v2 v2.6.5/go.mod h1:YgIahr1ypgfe7chRuJi2gD7DBQiKSLMPgBQe9oIiito=
modernc.org/gc/v3 v3.1.5 h1:21ldfPfRYE31Tb7B3mwAK8gy1AxP4+dKjrOQPfqakoc=
modernc.org/gc/v3 v3.1.5/go.mod h1:HFK/6AGESC7Ex+EZJhJ2Gni6cTaYpSMmU/cT9RmlfYY=
modernc.org/goabi0 v0.2.0 h1:HvEowk7LxcPd0eq6mVOAEMai46V+i7Jrj13t4AzuNks=
modernc.org/goabi0 v0.2.0/go.mod h1:CEFRnnJhKvWT1c1JTI3Avm+tgOWbkOu5oPA8eH8LnMI=
modernc.org/libc v1.77.1 h1:Ct8j47QtiZ1Enj2DtFXQtUqrPCAjdCmPjtCuvrYQ0Hs=
modernc.org/libc v1.77.1/go.mod h1:87/pZ4L6nD1zqW4nItuS12YO7hN1igAah34xjnQo/W0=
modernc.org/mathutil v1.7.1 h1:GCZVGXdaN8gTqB1Mf/usp1Y/hSqgI2vAGGP4jZMCxOU=
modernc.org/mathutil v1.7.1/go.mod h1:4p5IwJITfppl0G4sUEDtCr4DthTaT47/N3aT6MhfgJg=
modernc.org/memory v1.12.1 h1:nFMiWrpStgZczNl6XI9GnIk/rWhYIyHGUaR04pGbp9g=
modernc.org/memory v1.12.1/go.mod h1:/JP4VbVC+K5sU2wZi9bHoq2MAkCnrt2r98UGeSK7Mjw=
modernc.org/opt v0.2.0 h1:tGyef5ApycA7FSEOMraay9SaTk5zmbx7Tu+cJs4QKZg=
modernc.org/opt v0.2.0/go.mod h1:03fq9lsNfvkYSfxrfUhZCWPk1lm4cq4N+Bh//bEtgns=
modernc.org/sortutil v1.2.1 h1:+xyoGf15mM3NMlPDnFqrteY07klSFxLElE2PVuWIJ7w=
modernc.org/sortutil v1.2.1/go.mod h1:7ZI3a3REbai7gzCLcotuw9AC4VZVpYMjDzETGsSMqJE=
modernc.org/sqlite v1.60.1 h1:/blz53O951KWFOso4QQvEs/Fq6cDBKLtMVrYNSeJVKw=
modernc.org/sqlite v1.60.1/go.mod h1:1dIoEagfDE72QytD5scH1lxARtaUgKgHC/NuApA27r0=
modernc.org/strutil v1.2.1 h1:UneZBkQA+DX2Rp35KcM69cSsNES9ly8mQWD71HKlOA0=
modernc.org/strutil v1.2.1/go.mod h1:EHkiggD70koQxjVdSBM3JKM7k6L0FbGE5eymy9i3B9A=
modernc.org/token v1.1.0 h1:Xl7Ap9dKaEs5kLoOQeQmPWevfnk/DM5qcLcYlA8ys6Y=
modernc.org/token v1.1.0/go.mod h1:UGzOrNV1mAFSEB63lOFHIpNRUVMvYTc6yu1SMY/XTDM=
